// !$*UTF8*$!
{
	archiveVersion = 1;
	classes = {
	};
	objectVersion = 50;
	objects = {

/* Begin PBXBuildFile section */
		24580C9C2683C9BB0065BA52 /* main.cpp in Sources */ = {isa = PBXBuildFile; fileRef = 24580C9B2683C9BB0065BA52 /* main.cpp */; };
		24580CA62683CB1B0065BA52 /* twoSum.cpp in Sources */ = {isa = PBXBuildFile; fileRef = 24580CA42683CB1B0065BA52 /* twoSum.cpp */; };
		24580CA92697429F0065BA52 /* summaryRanges.cpp in Sources */ = {isa = PBXBuildFile; fileRef = 24580CA72697429F0065BA52 /* summaryRanges.cpp */; };
		24580CAC269754B70065BA52 /* stringCompression.cpp in Sources */ = {isa = PBXBuildFile; fileRef = 24580CAA269754B70065BA52 /* stringCompression.cpp */; };
		24580CAE26975C5B0065BA52 /* reverseLinkedList.swift in Sources */ = {isa = PBXBuildFile; fileRef = 24580CAD26975C5B0065BA52 /* reverseLinkedList.swift */; };
		24580CB02697672E0065BA52 /* generateParentheses.swift in Sources */ = {isa = PBXBuildFile; fileRef = 24580CAF2697672E0065BA52 /* generateParentheses.swift */; };
		24580CB226976D800065BA52 /* moveZeroes.swift in Sources */ = {isa = PBXBuildFile; fileRef = 24580CB126976D800065BA52 /* moveZeroes.swift */; };
		24580CB4269776EA0065BA52 /* validPalindrome.swift in Sources */ = {isa = PBXBuildFile; fileRef = 24580CB3269776EA0065BA52 /* validPalindrome.swift */; };
		24580CB826977A720065BA52 /* validParentheses.cpp in Sources */ = {isa = PBXBuildFile; fileRef = 24580CB626977A720065BA52 /* validParentheses.cpp */; };
		24580CBB269884BE0065BA52 /* queueUsingStacks.cpp in Sources */ = {isa = PBXBuildFile; fileRef = 24580CB9269884BE0065BA52 /* queueUsingStacks.cpp */; };
		24580CBE2698CA780065BA52 /* mergeTwoSortedLists.cpp in Sources */ = {isa = PBXBuildFile; fileRef = 24580CBC2698CA770065BA52 /* mergeTwoSortedLists.cpp */; };
		24580CC02698CF5D0065BA52 /* mergeSortedArray.swift in Sources */ = {isa = PBXBuildFile; fileRef = 24580CBF2698CF5D0065BA52 /* mergeSortedArray.swift */; };
		24580CC32698D3C10065BA52 /* symmetricTree.cpp in Sources */ = {isa = PBXBuildFile; fileRef = 24580CC12698D3C10065BA52 /* symmetricTree.cpp */; };
		24580CC52698DB490065BA52 /* missingNumber.swift in Sources */ = {isa = PBXBuildFile; fileRef = 24580CC42698DB490065BA52 /* missingNumber.swift */; };
		24580CC7269AEFBD0065BA52 /* isSubsequence.swift in Sources */ = {isa = PBXBuildFile; fileRef = 24580CC6269AEFBC0065BA52 /* isSubsequence.swift */; };
		24580CC9269AFF8B0065BA52 /* squaresOfASortedArray.swift in Sources */ = {isa = PBXBuildFile; fileRef = 24580CC8269AFF8A0065BA52 /* squaresOfASortedArray.swift */; };
		24580CCB269B08C50065BA52 /* intersectionofTwoArraysII.swift in Sources */ = {isa = PBXBuildFile; fileRef = 24580CCA269B08C50065BA52 /* intersectionofTwoArraysII.swift */; };
		24580CD0269B13C20065BA52 /* implementStrStr.cpp in Sources */ = {isa = PBXBuildFile; fileRef = 24580CCE269B13C20065BA52 /* implementStrStr.cpp */; };
/* End PBXBuildFile section */

/* Begin PBXCopyFilesBuildPhase section */
		24580C962683C9BB0065BA52 /* CopyFiles */ = {
			isa = PBXCopyFilesBuildPhase;
			buildActionMask = 2147483647;
			dstPath = /usr/share/man/man1/;
			dstSubfolderSpec = 0;
			files = (
			);
			runOnlyForDeploymentPostprocessing = 1;
		};
/* End PBXCopyFilesBuildPhase section */

/* Begin PBXFileReference section */
		24580C982683C9BB0065BA52 /* LeetCodeTraining */ = {isa = PBXFileReference; explicitFileType = "compiled.mach-o.executable"; includeInIndex = 0; path = LeetCodeTraining; sourceTree = BUILT_PRODUCTS_DIR; };
		24580C9B2683C9BB0065BA52 /* main.cpp */ = {isa = PBXFileReference; lastKnownFileType = sourcecode.cpp.cpp; path = main.cpp; sourceTree = "<group>"; };
		24580CA42683CB1B0065BA52 /* twoSum.cpp */ = {isa = PBXFileReference; lastKnownFileType = sourcecode.cpp.cpp; path = twoSum.cpp; sourceTree = "<group>"; };
		24580CA72697429F0065BA52 /* summaryRanges.cpp */ = {isa = PBXFileReference; lastKnownFileType = sourcecode.cpp.cpp; path = summaryRanges.cpp; sourceTree = "<group>"; };
		24580CAA269754B70065BA52 /* stringCompression.cpp */ = {isa = PBXFileReference; lastKnownFileType = sourcecode.cpp.cpp; path = stringCompression.cpp; sourceTree = "<group>"; };
		24580CAD26975C5B0065BA52 /* reverseLinkedList.swift */ = {isa = PBXFileReference; lastKnownFileType = sourcecode.swift; path = reverseLinkedList.swift; sourceTree = "<group>"; };
		24580CAF2697672E0065BA52 /* generateParentheses.swift */ = {isa = PBXFileReference; lastKnownFileType = sourcecode.swift; path = generateParentheses.swift; sourceTree = "<group>"; };
		24580CB126976D800065BA52 /* moveZeroes.swift */ = {isa = PBXFileReference; lastKnownFileType = sourcecode.swift; path = moveZeroes.swift; sourceTree = "<group>"; };
		24580CB3269776EA0065BA52 /* validPalindrome.swift */ = {isa = PBXFileReference; lastKnownFileType = sourcecode.swift; path = validPalindrome.swift; sourceTree = "<group>"; };
		24580CB626977A720065BA52 /* validParentheses.cpp */ = {isa = PBXFileReference; lastKnownFileType = sourcecode.cpp.cpp; path = validParentheses.cpp; sourceTree = "<group>"; };
		24580CB9269884BE0065BA52 /* queueUsingStacks.cpp */ = {isa = PBXFileReference; lastKnownFileType = sourcecode.cpp.cpp; path = queueUsingStacks.cpp; sourceTree = "<group>"; };
		24580CBC2698CA770065BA52 /* mergeTwoSortedLists.cpp */ = {isa = PBXFileReference; lastKnownFileType = sourcecode.cpp.cpp; path = mergeTwoSortedLists.cpp; sourceTree = "<group>"; };
		24580CBF2698CF5D0065BA52 /* mergeSortedArray.swift */ = {isa = PBXFileReference; lastKnownFileType = sourcecode.swift; path = mergeSortedArray.swift; sourceTree = "<group>"; };
		24580CC12698D3C10065BA52 /* symmetricTree.cpp */ = {isa = PBXFileReference; lastKnownFileType = sourcecode.cpp.cpp; path = symmetricTree.cpp; sourceTree = "<group>"; };
		24580CC42698DB490065BA52 /* missingNumber.swift */ = {isa = PBXFileReference; lastKnownFileType = sourcecode.swift; path = missingNumber.swift; sourceTree = "<group>"; };
		24580CC6269AEFBC0065BA52 /* isSubsequence.swift */ = {isa = PBXFileReference; lastKnownFileType = sourcecode.swift; path = isSubsequence.swift; sourceTree = "<group>"; };
		24580CC8269AFF8A0065BA52 /* squaresOfASortedArray.swift */ = {isa = PBXFileReference; lastKnownFileType = sourcecode.swift; path = squaresOfASortedArray.swift; sourceTree = "<group>"; };
		24580CCA269B08C50065BA52 /* intersectionofTwoArraysII.swift */ = {isa = PBXFileReference; lastKnownFileType = sourcecode.swift; path = intersectionofTwoArraysII.swift; sourceTree = "<group>"; };
		24580CCE269B13C20065BA52 /* implementStrStr.cpp */ = {isa = PBXFileReference; lastKnownFileType = sourcecode.cpp.cpp; path = implementStrStr.cpp; sourceTree = "<group>"; };
/* End PBXFileReference section */

/* Begin PBXFrameworksBuildPhase section */
		24580C952683C9BB0065BA52 /* Frameworks */ = {
			isa = PBXFrameworksBuildPhase;
			buildActionMask = 2147483647;
			files = (
			);
			runOnlyForDeploymentPostprocessing = 0;
		};
/* End PBXFrameworksBuildPhase section */

/* Begin PBXGroup section */
		24580C8F2683C9BB0065BA52 = {
			isa = PBXGroup;
			children = (
				24580C9A2683C9BB0065BA52 /* LeetCodeTraining */,
				24580C992683C9BB0065BA52 /* Products */,
			);
			sourceTree = "<group>";
		};
		24580C992683C9BB0065BA52 /* Products */ = {
			isa = PBXGroup;
			children = (
				24580C982683C9BB0065BA52 /* LeetCodeTraining */,
			);
			name = Products;
			sourceTree = "<group>";
		};
		24580C9A2683C9BB0065BA52 /* LeetCodeTraining */ = {
			isa = PBXGroup;
			children = (
				24580C9B2683C9BB0065BA52 /* main.cpp */,
				24580CA42683CB1B0065BA52 /* twoSum.cpp */,
				24580CA72697429F0065BA52 /* summaryRanges.cpp */,
				24580CAA269754B70065BA52 /* stringCompression.cpp */,
				24580CAD26975C5B0065BA52 /* reverseLinkedList.swift */,
				24580CAF2697672E0065BA52 /* generateParentheses.swift */,
				24580CB126976D800065BA52 /* moveZeroes.swift */,
				24580CB3269776EA0065BA52 /* validPalindrome.swift */,
				24580CB626977A720065BA52 /* validParentheses.cpp */,
				24580CB9269884BE0065BA52 /* queueUsingStacks.cpp */,
				24580CBC2698CA770065BA52 /* mergeTwoSortedLists.cpp */,
				24580CBF2698CF5D0065BA52 /* mergeSortedArray.swift */,
				24580CC12698D3C10065BA52 /* symmetricTree.cpp */,
				24580CC42698DB490065BA52 /* missingNumber.swift */,
				24580CC6269AEFBC0065BA52 /* isSubsequence.swift */,
				24580CC8269AFF8A0065BA52 /* squaresOfASortedArray.swift */,
				24580CCA269B08C50065BA52 /* intersectionofTwoArraysII.swift */,
				24580CCE269B13C20065BA52 /* implementStrStr.cpp */,
			);
			path = LeetCodeTraining;
			sourceTree = "<group>";
		};
/* End PBXGroup section */

/* Begin PBXNativeTarget section */
		24580C972683C9BB0065BA52 /* LeetCodeTraining */ = {
			isa = PBXNativeTarget;
			buildConfigurationList = 24580C9F2683C9BB0065BA52 /* Build configuration list for PBXNativeTarget "LeetCodeTraining" */;
			buildPhases = (
				24580C942683C9BB0065BA52 /* Sources */,
				24580C952683C9BB0065BA52 /* Frameworks */,
				24580C962683C9BB0065BA52 /* CopyFiles */,
			);
			buildRules = (
			);
			dependencies = (
			);
			name = LeetCodeTraining;
			productName = LeetCodeTraining;
			productReference = 24580C982683C9BB0065BA52 /* LeetCodeTraining */;
			productType = "com.apple.product-type.tool";
		};
/* End PBXNativeTarget section */

/* Begin PBXProject section */
		24580C902683C9BB0065BA52 /* Project object */ = {
			isa = PBXProject;
			attributes = {
				LastUpgradeCheck = 1250;
				TargetAttributes = {
					24580C972683C9BB0065BA52 = {
						CreatedOnToolsVersion = 12.5.1;
						LastSwiftMigration = 1250;
					};
				};
			};
			buildConfigurationList = 24580C932683C9BB0065BA52 /* Build configuration list for PBXProject "LeetCodeTraining" */;
			compatibilityVersion = "Xcode 9.3";
			developmentRegion = en;
			hasScannedForEncodings = 0;
			knownRegions = (
				en,
				Base,
			);
			mainGroup = 24580C8F2683C9BB0065BA52;
			productRefGroup = 24580C992683C9BB0065BA52 /* Products */;
			projectDirPath = "";
			projectRoot = "";
			targets = (
				24580C972683C9BB0065BA52 /* LeetCodeTraining */,
			);
		};
/* End PBXProject section */

/* Begin PBXSourcesBuildPhase section */
		24580C942683C9BB0065BA52 /* Sources */ = {
			isa = PBXSourcesBuildPhase;
			buildActionMask = 2147483647;
			files = (
				24580CC9269AFF8B0065BA52 /* squaresOfASortedArray.swift in Sources */,
				24580CC32698D3C10065BA52 /* symmetricTree.cpp in Sources */,
				24580CCB269B08C50065BA52 /* intersectionofTwoArraysII.swift in Sources */,
				24580CD0269B13C20065BA52 /* implementStrStr.cpp in Sources */,
				24580CA92697429F0065BA52 /* summaryRanges.cpp in Sources */,
				24580CA62683CB1B0065BA52 /* twoSum.cpp in Sources */,
				24580CBE2698CA780065BA52 /* mergeTwoSortedLists.cpp in Sources */,
				24580CC7269AEFBD0065BA52 /* isSubsequence.swift in Sources */,
				24580CAE26975C5B0065BA52 /* reverseLinkedList.swift in Sources */,
				24580CC52698DB490065BA52 /* missingNumber.swift in Sources */,
				24580CB826977A720065BA52 /* validParentheses.cpp in Sources */,
				24580CC02698CF5D0065BA52 /* mergeSortedArray.swift in Sources */,
				24580CB4269776EA0065BA52 /* validPalindrome.swift in Sources */,
				24580C9C2683C9BB0065BA52 /* main.cpp in Sources */,
				24580CAC269754B70065BA52 /* stringCompression.cpp in Sources */,
				24580CBB269884BE0065BA52 /* queueUsingStacks.cpp in Sources */,
				24580CB02697672E0065BA52 /* generateParentheses.swift in Sources */,
				24580CB226976D800065BA52 /* moveZeroes.swift in Sources */,
			);
			runOnlyForDeploymentPostprocessing = 0;
		};
/* End PBXSourcesBuildPhase section */

/* Begin XCBuildConfiguration section */
		24580C9D2683C9BB0065BA52 /* Debug */ = {
			isa = XCBuildConfiguration;
			buildSettings = {
				ALWAYS_SEARCH_USER_PATHS = NO;
				CLANG_ANALYZER_NONNULL = YES;
				CLANG_ANALYZER_NUMBER_OBJECT_CONVERSION = YES_AGGRESSIVE;
				CLANG_CXX_LANGUAGE_STANDARD = "gnu++14";
				CLANG_CXX_LIBRARY = "libc++";
				CLANG_ENABLE_MODULES = YES;
				CLANG_ENABLE_OBJC_ARC = YES;
				CLANG_ENABLE_OBJC_WEAK = YES;
				CLANG_WARN_BLOCK_CAPTURE_AUTORELEASING = YES;
				CLANG_WARN_BOOL_CONVERSION = YES;
				CLANG_WARN_COMMA = YES;
				CLANG_WARN_CONSTANT_CONVERSION = YES;
				CLANG_WARN_DEPRECATED_OBJC_IMPLEMENTATIONS = YES;
				CLANG_WARN_DIRECT_OBJC_ISA_USAGE = YES_ERROR;
				CLANG_WARN_DOCUMENTATION_COMMENTS = YES;
				CLANG_WARN_EMPTY_BODY = YES;
				CLANG_WARN_ENUM_CONVERSION = YES;
				CLANG_WARN_INFINITE_RECURSION = YES;
				CLANG_WARN_INT_CONVERSION = YES;
				CLANG_WARN_NON_LITERAL_NULL_CONVERSION = YES;
				CLANG_WARN_OBJC_IMPLICIT_RETAIN_SELF = YES;
				CLANG_WARN_OBJC_LITERAL_CONVERSION = YES;
				CLANG_WARN_OBJC_ROOT_CLASS = YES_ERROR;
				CLANG_WARN_QUOTED_INCLUDE_IN_FRAMEWORK_HEADER = YES;
				CLANG_WARN_RANGE_LOOP_ANALYSIS = YES;
				CLANG_WARN_STRICT_PROTOTYPES = YES;
				CLANG_WARN_SUSPICIOUS_MOVE = YES;
				CLANG_WARN_UNGUARDED_AVAILABILITY = YES_AGGRESSIVE;
				CLANG_WARN_UNREACHABLE_CODE = YES;
				CLANG_WARN__DUPLICATE_METHOD_MATCH = YES;
				COPY_PHASE_STRIP = NO;
				DEBUG_INFORMATION_FORMAT = dwarf;
				ENABLE_STRICT_OBJC_MSGSEND = YES;
				ENABLE_TESTABILITY = YES;
				GCC_C_LANGUAGE_STANDARD = gnu11;
				GCC_DYNAMIC_NO_PIC = NO;
				GCC_NO_COMMON_BLOCKS = YES;
				GCC_OPTIMIZATION_LEVEL = 0;
				GCC_PREPROCESSOR_DEFINITIONS = (
					"DEBUG=1",
					"$(inherited)",
				);
				GCC_WARN_64_TO_32_BIT_CONVERSION = YES;
				GCC_WARN_ABOUT_RETURN_TYPE = YES_ERROR;
				GCC_WARN_UNDECLARED_SELECTOR = YES;
				GCC_WARN_UNINITIALIZED_AUTOS = YES_AGGRESSIVE;
				GCC_WARN_UNUSED_FUNCTION = YES;
				GCC_WARN_UNUSED_VARIABLE = YES;
				MACOSX_DEPLOYMENT_TARGET = 11.2;
				MTL_ENABLE_DEBUG_INFO = INCLUDE_SOURCE;
				MTL_FAST_MATH = YES;
				ONLY_ACTIVE_ARCH = YES;
				SDKROOT = macosx;
			};
			name = Debug;
		};
		24580C9E2683C9BB0065BA52 /* Release */ = {
			isa = XCBuildConfiguration;
			buildSettings = {
				ALWAYS_SEARCH_USER_PATHS = NO;
				CLANG_ANALYZER_NONNULL = YES;
				CLANG_ANALYZER_NUMBER_OBJECT_CONVERSION = YES_AGGRESSIVE;
				CLANG_CXX_LANGUAGE_STANDARD = "gnu++14";
				CLANG_CXX_LIBRARY = "libc++";
				CLANG_ENABLE_MODULES = YES;
				CLANG_ENABLE_OBJC_ARC = YES;
				CLANG_ENABLE_OBJC_WEAK = YES;
				CLANG_WARN_BLOCK_CAPTURE_AUTORELEASING = YES;
				CLANG_WARN_BOOL_CONVERSION = YES;
				CLANG_WARN_COMMA = YES;
				CLANG_WARN_CONSTANT_CONVERSION = YES;
				CLANG_WARN_DEPRECATED_OBJC_IMPLEMENTATIONS = YES;
				CLANG_WARN_DIRECT_OBJC_ISA_USAGE = YES_ERROR;
				CLANG_WARN_DOCUMENTATION_COMMENTS = YES;
				CLANG_WARN_EMPTY_BODY = YES;
				CLANG_WARN_ENUM_CONVERSION = YES;
				CLANG_WARN_INFINITE_RECURSION = YES;
				CLANG_WARN_INT_CONVERSION = YES;
				CLANG_WARN_NON_LITERAL_NULL_CONVERSION = YES;
				CLANG_WARN_OBJC_IMPLICIT_RETAIN_SELF = YES;
				CLANG_WARN_OBJC_LITERAL_CONVERSION = YES;
				CLANG_WARN_OBJC_ROOT_CLASS = YES_ERROR;
				CLANG_WARN_QUOTED_INCLUDE_IN_FRAMEWORK_HEADER = YES;
				CLANG_WARN_RANGE_LOOP_ANALYSIS = YES;
				CLANG_WARN_STRICT_PROTOTYPES = YES;
				CLANG_WARN_SUSPICIOUS_MOVE = YES;
				CLANG_WARN_UNGUARDED_AVAILABILITY = YES_AGGRESSIVE;
				CLANG_WARN_UNREACHABLE_CODE = YES;
				CLANG_WARN__DUPLICATE_METHOD_MATCH = YES;
				COPY_PHASE_STRIP = NO;
				DEBUG_INFORMATION_FORMAT = "dwarf-with-dsym";
				ENABLE_NS_ASSERTIONS = NO;
				ENABLE_STRICT_OBJC_MSGSEND = YES;
				GCC_C_LANGUAGE_STANDARD = gnu11;
				GCC_NO_COMMON_BLOCKS = YES;
				GCC_WARN_64_TO_32_BIT_CONVERSION = YES;
				GCC_WARN_ABOUT_RETURN_TYPE = YES_ERROR;
				GCC_WARN_UNDECLARED_SELECTOR = YES;
				GCC_WARN_UNINITIALIZED_AUTOS = YES_AGGRESSIVE;
				GCC_WARN_UNUSED_FUNCTION = YES;
				GCC_WARN_UNUSED_VARIABLE = YES;
				MACOSX_DEPLOYMENT_TARGET = 11.2;
				MTL_ENABLE_DEBUG_INFO = NO;
				MTL_FAST_MATH = YES;
				SDKROOT = macosx;
			};
			name = Release;
		};
		24580CA02683C9BB0065BA52 /* Debug */ = {
			isa = XCBuildConfiguration;
			buildSettings = {
				CLANG_ENABLE_MODULES = YES;
				CODE_SIGN_STYLE = Automatic;
				DEVELOPMENT_TEAM = G98982NGJ8;
				ENABLE_HARDENED_RUNTIME = YES;
				LD_RUNPATH_SEARCH_PATHS = (
					"$(inherited)",
					"@executable_path/../Frameworks",
					"@loader_path/../Frameworks",
				);
				PRODUCT_NAME = "$(TARGET_NAME)";
				SWIFT_OPTIMIZATION_LEVEL = "-Onone";
				SWIFT_VERSION = 5.0;
			};
			name = Debug;
		};
		24580CA12683C9BB0065BA52 /* Release */ = {
			isa = XCBuildConfiguration;
			buildSettings = {
				CLANG_ENABLE_MODULES = YES;
				CODE_SIGN_STYLE = Automatic;
				DEVELOPMENT_TEAM = G98982NGJ8;
				ENABLE_HARDENED_RUNTIME = YES;
				LD_RUNPATH_SEARCH_PATHS = (
					"$(inherited)",
					"@executable_path/../Frameworks",
					"@loader_path/../Frameworks",
				);
				PRODUCT_NAME = "$(TARGET_NAME)";
				SWIFT_VERSION = 5.0;
			};
			name = Release;
		};
/* End XCBuildConfiguration section */

/* Begin XCConfigurationList section */
		24580C932683C9BB0065BA52 /* Build configuration list for PBXProject "LeetCodeTraining" */ = {
			isa = XCConfigurationList;
			buildConfigurations = (
				24580C9D2683C9BB0065BA52 /* Debug */,
				24580C9E2683C9BB0065BA52 /* Release */,
			);
			defaultConfigurationIsVisible = 0;
			defaultConfigurationName = Release;
		};
		24580C9F2683C9BB0065BA52 /* Build configuration list for PBXNativeTarget "LeetCodeTraining" */ = {
			isa = XCConfigurationList;
			buildConfigurations = (
				24580CA02683C9BB0065BA52 /* Debug */,
				24580CA12683C9BB0065BA52 /* Release */,
			);
			defaultConfigurationIsVisible = 0;
			defaultConfigurationName = Release;
		};
/* End XCConfigurationList section */
	};
	rootObject = 24580C902683C9BB0065BA52 /* Project object */;
}
